// !$*UTF8*$!
{
	archiveVersion = 1;
	classes = {
	};
	objectVersion = 56;
	objects = {

/* Begin PBXBuildFile section */
		A55BA9B92A5F378B0023B93A /* AppDelegate.swift in Sources */ = {isa = PBXBuildFile; fileRef = A55BA9B82A5F378B0023B93A /* AppDelegate.swift */; };
		A55BA9BB2A5F378B0023B93A /* SceneDelegate.swift in Sources */ = {isa = PBXBuildFile; fileRef = A55BA9BA2A5F378B0023B93A /* SceneDelegate.swift */; };
		A55BA9BD2A5F378B0023B93A /* ViewController.swift in Sources */ = {isa = PBXBuildFile; fileRef = A55BA9BC2A5F378B0023B93A /* ViewController.swift */; };
		A55BA9C22A5F378C0023B93A /* Assets.xcassets in Resources */ = {isa = PBXBuildFile; fileRef = A55BA9C12A5F378C0023B93A /* Assets.xcassets */; };
		A55BA9C52A5F378C0023B93A /* LaunchScreen.storyboard in Resources */ = {isa = PBXBuildFile; fileRef = A55BA9C32A5F378C0023B93A /* LaunchScreen.storyboard */; };
		A55BA9D02A5F378C0023B93A /* tip_calculatorTests.swift in Sources */ = {isa = PBXBuildFile; fileRef = A55BA9CF2A5F378C0023B93A /* tip_calculatorTests.swift */; };
		A55BA9DA2A5F378C0023B93A /* tip_calculatorUITests.swift in Sources */ = {isa = PBXBuildFile; fileRef = A55BA9D92A5F378C0023B93A /* tip_calculatorUITests.swift */; };
		A55BA9DC2A5F378C0023B93A /* tip_calculatorUITestsLaunchTests.swift in Sources */ = {isa = PBXBuildFile; fileRef = A55BA9DB2A5F378C0023B93A /* tip_calculatorUITestsLaunchTests.swift */; };
		A55BA9EA2A5F385F0023B93A /* CombineCocoa in Frameworks */ = {isa = PBXBuildFile; productRef = A55BA9E92A5F385F0023B93A /* CombineCocoa */; };
		A55BA9ED2A5F389F0023B93A /* SnapKit in Frameworks */ = {isa = PBXBuildFile; productRef = A55BA9EC2A5F389F0023B93A /* SnapKit */; };
		A55BA9F02A5F43CD0023B93A /* CombineCocoa in Frameworks */ = {isa = PBXBuildFile; productRef = A55BA9EF2A5F43CD0023B93A /* CombineCocoa */; };
		A55BA9F32A5F44170023B93A /* SnapshotTesting in Frameworks */ = {isa = PBXBuildFile; productRef = A55BA9F22A5F44170023B93A /* SnapshotTesting */; };
		A55BA9F52A5F44330023B93A /* CombineCocoa in Frameworks */ = {isa = PBXBuildFile; productRef = A55BA9F42A5F44330023B93A /* CombineCocoa */; };
/* End PBXBuildFile section */

/* Begin PBXContainerItemProxy section */
		A55BA9CC2A5F378C0023B93A /* PBXContainerItemProxy */ = {
			isa = PBXContainerItemProxy;
			containerPortal = A55BA9AD2A5F378B0023B93A /* Project object */;
			proxyType = 1;
			remoteGlobalIDString = A55BA9B42A5F378B0023B93A;
			remoteInfo = "tip-calculator";
		};
		A55BA9D62A5F378C0023B93A /* PBXContainerItemProxy */ = {
			isa = PBXContainerItemProxy;
			containerPortal = A55BA9AD2A5F378B0023B93A /* Project object */;
			proxyType = 1;
			remoteGlobalIDString = A55BA9B42A5F378B0023B93A;
			remoteInfo = "tip-calculator";
		};
/* End PBXContainerItemProxy section */

/* Begin PBXFileReference section */
		A55BA9B52A5F378B0023B93A /* tip-calculator.app */ = {isa = PBXFileReference; explicitFileType = wrapper.application; includeInIndex = 0; path = "tip-calculator.app"; sourceTree = BUILT_PRODUCTS_DIR; };
		A55BA9B82A5F378B0023B93A /* AppDelegate.swift */ = {isa = PBXFileReference; lastKnownFileType = sourcecode.swift; path = AppDelegate.swift; sourceTree = "<group>"; };
		A55BA9BA2A5F378B0023B93A /* SceneDelegate.swift */ = {isa = PBXFileReference; lastKnownFileType = sourcecode.swift; path = SceneDelegate.swift; sourceTree = "<group>"; };
		A55BA9BC2A5F378B0023B93A /* ViewController.swift */ = {isa = PBXFileReference; lastKnownFileType = sourcecode.swift; path = ViewController.swift; sourceTree = "<group>"; };
		A55BA9C12A5F378C0023B93A /* Assets.xcassets */ = {isa = PBXFileReference; lastKnownFileType = folder.assetcatalog; path = Assets.xcassets; sourceTree = "<group>"; };
		A55BA9C42A5F378C0023B93A /* Base */ = {isa = PBXFileReference; lastKnownFileType = file.storyboard; name = Base; path = Base.lproj/LaunchScreen.storyboard; sourceTree = "<group>"; };
		A55BA9C62A5F378C0023B93A /* Info.plist */ = {isa = PBXFileReference; lastKnownFileType = text.plist.xml; path = Info.plist; sourceTree = "<group>"; };
		A55BA9CB2A5F378C0023B93A /* tip-calculatorTests.xctest */ = {isa = PBXFileReference; explicitFileType = wrapper.cfbundle; includeInIndex = 0; path = "tip-calculatorTests.xctest"; sourceTree = BUILT_PRODUCTS_DIR; };
		A55BA9CF2A5F378C0023B93A /* tip_calculatorTests.swift */ = {isa = PBXFileReference; lastKnownFileType = sourcecode.swift; path = tip_calculatorTests.swift; sourceTree = "<group>"; };
		A55BA9D52A5F378C0023B93A /* tip-calculatorUITests.xctest */ = {isa = PBXFileReference; explicitFileType = wrapper.cfbundle; includeInIndex = 0; path = "tip-calculatorUITests.xctest"; sourceTree = BUILT_PRODUCTS_DIR; };
		A55BA9D92A5F378C0023B93A /* tip_calculatorUITests.swift */ = {isa = PBXFileReference; lastKnownFileType = sourcecode.swift; path = tip_calculatorUITests.swift; sourceTree = "<group>"; };
		A55BA9DB2A5F378C0023B93A /* tip_calculatorUITestsLaunchTests.swift */ = {isa = PBXFileReference; lastKnownFileType = sourcecode.swift; path = tip_calculatorUITestsLaunchTests.swift; sourceTree = "<group>"; };
/* End PBXFileReference section */

/* Begin PBXFrameworksBuildPhase section */
		A55BA9B22A5F378B0023B93A /* Frameworks */ = {
			isa = PBXFrameworksBuildPhase;
			buildActionMask = 2147483647;
			files = (
				A55BA9EA2A5F385F0023B93A /* CombineCocoa in Frameworks */,
				A55BA9ED2A5F389F0023B93A /* SnapKit in Frameworks */,
			);
			runOnlyForDeploymentPostprocessing = 0;
		};
		A55BA9C82A5F378C0023B93A /* Frameworks */ = {
			isa = PBXFrameworksBuildPhase;
			buildActionMask = 2147483647;
			files = (
				A55BA9F02A5F43CD0023B93A /* CombineCocoa in Frameworks */,
				A55BA9F32A5F44170023B93A /* SnapshotTesting in Frameworks */,
			);
			runOnlyForDeploymentPostprocessing = 0;
		};
		A55BA9D22A5F378C0023B93A /* Frameworks */ = {
			isa = PBXFrameworksBuildPhase;
			buildActionMask = 2147483647;
			files = (
				A55BA9F52A5F44330023B93A /* CombineCocoa in Frameworks */,
			);
			runOnlyForDeploymentPostprocessing = 0;
		};
/* End PBXFrameworksBuildPhase section */

/* Begin PBXGroup section */
		A55BA9AC2A5F378B0023B93A = {
			isa = PBXGroup;
			children = (
				A55BA9B72A5F378B0023B93A /* tip-calculator */,
				A55BA9CE2A5F378C0023B93A /* tip-calculatorTests */,
				A55BA9D82A5F378C0023B93A /* tip-calculatorUITests */,
				A55BA9B62A5F378B0023B93A /* Products */,
				A55BA9EE2A5F43CD0023B93A /* Frameworks */,
			);
			sourceTree = "<group>";
		};
		A55BA9B62A5F378B0023B93A /* Products */ = {
			isa = PBXGroup;
			children = (
				A55BA9B52A5F378B0023B93A /* tip-calculator.app */,
				A55BA9CB2A5F378C0023B93A /* tip-calculatorTests.xctest */,
				A55BA9D52A5F378C0023B93A /* tip-calculatorUITests.xctest */,
			);
			name = Products;
			sourceTree = "<group>";
		};
		A55BA9B72A5F378B0023B93A /* tip-calculator */ = {
			isa = PBXGroup;
			children = (
				A55BA9B82A5F378B0023B93A /* AppDelegate.swift */,
				A55BA9BA2A5F378B0023B93A /* SceneDelegate.swift */,
				A55BA9BC2A5F378B0023B93A /* ViewController.swift */,
				A55BA9C12A5F378C0023B93A /* Assets.xcassets */,
				A55BA9C32A5F378C0023B93A /* LaunchScreen.storyboard */,
				A55BA9C62A5F378C0023B93A /* Info.plist */,
			);
			path = "tip-calculator";
			sourceTree = "<group>";
		};
		A55BA9CE2A5F378C0023B93A /* tip-calculatorTests */ = {
			isa = PBXGroup;
			children = (
				A55BA9CF2A5F378C0023B93A /* tip_calculatorTests.swift */,
			);
			path = "tip-calculatorTests";
			sourceTree = "<group>";
		};
		A55BA9D82A5F378C0023B93A /* tip-calculatorUITests */ = {
			isa = PBXGroup;
			children = (
				A55BA9D92A5F378C0023B93A /* tip_calculatorUITests.swift */,
				A55BA9DB2A5F378C0023B93A /* tip_calculatorUITestsLaunchTests.swift */,
			);
			path = "tip-calculatorUITests";
			sourceTree = "<group>";
		};
		A55BA9EE2A5F43CD0023B93A /* Frameworks */ = {
			isa = PBXGroup;
			children = (
			);
			name = Frameworks;
			sourceTree = "<group>";
		};
/* End PBXGroup section */

/* Begin PBXNativeTarget section */
		A55BA9B42A5F378B0023B93A /* tip-calculator */ = {
			isa = PBXNativeTarget;
			buildConfigurationList = A55BA9DF2A5F378C0023B93A /* Build configuration list for PBXNativeTarget "tip-calculator" */;
			buildPhases = (
				A55BA9B12A5F378B0023B93A /* Sources */,
				A55BA9B22A5F378B0023B93A /* Frameworks */,
				A55BA9B32A5F378B0023B93A /* Resources */,
			);
			buildRules = (
			);
			dependencies = (
			);
			name = "tip-calculator";
			packageProductDependencies = (
				A55BA9E92A5F385F0023B93A /* CombineCocoa */,
				A55BA9EC2A5F389F0023B93A /* SnapKit */,
			);
			productName = "tip-calculator";
			productReference = A55BA9B52A5F378B0023B93A /* tip-calculator.app */;
			productType = "com.apple.product-type.application";
		};
		A55BA9CA2A5F378C0023B93A /* tip-calculatorTests */ = {
			isa = PBXNativeTarget;
			buildConfigurationList = A55BA9E22A5F378C0023B93A /* Build configuration list for PBXNativeTarget "tip-calculatorTests" */;
			buildPhases = (
				A55BA9C72A5F378C0023B93A /* Sources */,
				A55BA9C82A5F378C0023B93A /* Frameworks */,
				A55BA9C92A5F378C0023B93A /* Resources */,
			);
			buildRules = (
			);
			dependencies = (
				A55BA9CD2A5F378C0023B93A /* PBXTargetDependency */,
			);
			name = "tip-calculatorTests";
			packageProductDependencies = (
				A55BA9EF2A5F43CD0023B93A /* CombineCocoa */,
				A55BA9F22A5F44170023B93A /* SnapshotTesting */,
			);
			productName = "tip-calculatorTests";
			productReference = A55BA9CB2A5F378C0023B93A /* tip-calculatorTests.xctest */;
			productType = "com.apple.product-type.bundle.unit-test";
		};
		A55BA9D42A5F378C0023B93A /* tip-calculatorUITests */ = {
			isa = PBXNativeTarget;
			buildConfigurationList = A55BA9E52A5F378C0023B93A /* Build configuration list for PBXNativeTarget "tip-calculatorUITests" */;
			buildPhases = (
				A55BA9D12A5F378C0023B93A /* Sources */,
				A55BA9D22A5F378C0023B93A /* Frameworks */,
				A55BA9D32A5F378C0023B93A /* Resources */,
			);
			buildRules = (
			);
			dependencies = (
				A55BA9D72A5F378C0023B93A /* PBXTargetDependency */,
			);
			name = "tip-calculatorUITests";
			packageProductDependencies = (
				A55BA9F42A5F44330023B93A /* CombineCocoa */,
			);
			productName = "tip-calculatorUITests";
			productReference = A55BA9D52A5F378C0023B93A /* tip-calculatorUITests.xctest */;
			productType = "com.apple.product-type.bundle.ui-testing";
		};
/* End PBXNativeTarget section */

/* Begin PBXProject section */
		A55BA9AD2A5F378B0023B93A /* Project object */ = {
			isa = PBXProject;
			attributes = {
				BuildIndependentTargetsInParallel = 1;
				LastSwiftUpdateCheck = 1430;
				LastUpgradeCheck = 1430;
				TargetAttributes = {
					A55BA9B42A5F378B0023B93A = {
						CreatedOnToolsVersion = 14.3.1;
					};
					A55BA9CA2A5F378C0023B93A = {
						CreatedOnToolsVersion = 14.3.1;
						TestTargetID = A55BA9B42A5F378B0023B93A;
					};
					A55BA9D42A5F378C0023B93A = {
						CreatedOnToolsVersion = 14.3.1;
						TestTargetID = A55BA9B42A5F378B0023B93A;
					};
				};
			};
			buildConfigurationList = A55BA9B02A5F378B0023B93A /* Build configuration list for PBXProject "tip-calculator" */;
			compatibilityVersion = "Xcode 14.0";
			developmentRegion = en;
			hasScannedForEncodings = 0;
			knownRegions = (
				en,
				Base,
			);
			mainGroup = A55BA9AC2A5F378B0023B93A;
			packageReferences = (
				A55BA9E82A5F385F0023B93A /* XCRemoteSwiftPackageReference "CombineCocoa" */,
				A55BA9EB2A5F389F0023B93A /* XCRemoteSwiftPackageReference "SnapKit" */,
				A55BA9F12A5F44170023B93A /* XCRemoteSwiftPackageReference "swift-snapshot-testing" */,
			);
			productRefGroup = A55BA9B62A5F378B0023B93A /* Products */;
			projectDirPath = "";
			projectRoot = "";
			targets = (
				A55BA9B42A5F378B0023B93A /* tip-calculator */,
				A55BA9CA2A5F378C0023B93A /* tip-calculatorTests */,
				A55BA9D42A5F378C0023B93A /* tip-calculatorUITests */,
			);
		};
/* End PBXProject section */

/* Begin PBXResourcesBuildPhase section */
		A55BA9B32A5F378B0023B93A /* Resources */ = {
			isa = PBXResourcesBuildPhase;
			buildActionMask = 2147483647;
			files = (
				A55BA9C52A5F378C0023B93A /* LaunchScreen.storyboard in Resources */,
				A55BA9C22A5F378C0023B93A /* Assets.xcassets in Resources */,
			);
			runOnlyForDeploymentPostprocessing = 0;
		};
		A55BA9C92A5F378C0023B93A /* Resources */ = {
			isa = PBXResourcesBuildPhase;
			buildActionMask = 2147483647;
			files = (
			);
			runOnlyForDeploymentPostprocessing = 0;
		};
		A55BA9D32A5F378C0023B93A /* Resources */ = {
			isa = PBXResourcesBuildPhase;
			buildActionMask = 2147483647;
			files = (
			);
			runOnlyForDeploymentPostprocessing = 0;
		};
/* End PBXResourcesBuildPhase section */

/* Begin PBXSourcesBuildPhase section */
		A55BA9B12A5F378B0023B93A /* Sources */ = {
			isa = PBXSourcesBuildPhase;
			buildActionMask = 2147483647;
			files = (
				A55BA9BD2A5F378B0023B93A /* ViewController.swift in Sources */,
				A55BA9B92A5F378B0023B93A /* AppDelegate.swift in Sources */,
				A55BA9BB2A5F378B0023B93A /* SceneDelegate.swift in Sources */,
			);
			runOnlyForDeploymentPostprocessing = 0;
		};
		A55BA9C72A5F378C0023B93A /* Sources */ = {
			isa = PBXSourcesBuildPhase;
			buildActionMask = 2147483647;
			files = (
				A55BA9D02A5F378C0023B93A /* tip_calculatorTests.swift in Sources */,
			);
			runOnlyForDeploymentPostprocessing = 0;
		};
		A55BA9D12A5F378C0023B93A /* Sources */ = {
			isa = PBXSourcesBuildPhase;
			buildActionMask = 2147483647;
			files = (
				A55BA9DC2A5F378C0023B93A /* tip_calculatorUITestsLaunchTests.swift in Sources */,
				A55BA9DA2A5F378C0023B93A /* tip_calculatorUITests.swift in Sources */,
			);
			runOnlyForDeploymentPostprocessing = 0;
		};
/* End PBXSourcesBuildPhase section */

/* Begin PBXTargetDependency section */
		A55BA9CD2A5F378C0023B93A /* PBXTargetDependency */ = {
			isa = PBXTargetDependency;
			target = A55BA9B42A5F378B0023B93A /* tip-calculator */;
			targetProxy = A55BA9CC2A5F378C0023B93A /* PBXContainerItemProxy */;
		};
		A55BA9D72A5F378C0023B93A /* PBXTargetDependency */ = {
			isa = PBXTargetDependency;
			target = A55BA9B42A5F378B0023B93A /* tip-calculator */;
			targetProxy = A55BA9D62A5F378C0023B93A /* PBXContainerItemProxy */;
		};
/* End PBXTargetDependency section */

/* Begin PBXVariantGroup section */
		A55BA9C32A5F378C0023B93A /* LaunchScreen.storyboard */ = {
			isa = PBXVariantGroup;
			children = (
				A55BA9C42A5F378C0023B93A /* Base */,
			);
			name = LaunchScreen.storyboard;
			sourceTree = "<group>";
		};
/* End PBXVariantGroup section */

/* Begin XCBuildConfiguration section */
		A55BA9DD2A5F378C0023B93A /* Debug */ = {
			isa = XCBuildConfiguration;
			buildSettings = {
				ALWAYS_SEARCH_USER_PATHS = NO;
				CLANG_ANALYZER_NONNULL = YES;
				CLANG_ANALYZER_NUMBER_OBJECT_CONVERSION = YES_AGGRESSIVE;
				CLANG_CXX_LANGUAGE_STANDARD = "gnu++20";
				CLANG_ENABLE_MODULES = YES;
				CLANG_ENABLE_OBJC_ARC = YES;
				CLANG_ENABLE_OBJC_WEAK = YES;
				CLANG_WARN_BLOCK_CAPTURE_AUTORELEASING = YES;
				CLANG_WARN_BOOL_CONVERSION = YES;
				CLANG_WARN_COMMA = YES;
				CLANG_WARN_CONSTANT_CONVERSION = YES;
				CLANG_WARN_DEPRECATED_OBJC_IMPLEMENTATIONS = YES;
				CLANG_WARN_DIRECT_OBJC_ISA_USAGE = YES_ERROR;
				CLANG_WARN_DOCUMENTATION_COMMENTS = YES;
				CLANG_WARN_EMPTY_BODY = YES;
				CLANG_WARN_ENUM_CONVERSION = YES;
				CLANG_WARN_INFINITE_RECURSION = YES;
				CLANG_WARN_INT_CONVERSION = YES;
				CLANG_WARN_NON_LITERAL_NULL_CONVERSION = YES;
				CLANG_WARN_OBJC_IMPLICIT_RETAIN_SELF = YES;
				CLANG_WARN_OBJC_LITERAL_CONVERSION = YES;
				CLANG_WARN_OBJC_ROOT_CLASS = YES_ERROR;
				CLANG_WARN_QUOTED_INCLUDE_IN_FRAMEWORK_HEADER = YES;
				CLANG_WARN_RANGE_LOOP_ANALYSIS = YES;
				CLANG_WARN_STRICT_PROTOTYPES = YES;
				CLANG_WARN_SUSPICIOUS_MOVE = YES;
				CLANG_WARN_UNGUARDED_AVAILABILITY = YES_AGGRESSIVE;
				CLANG_WARN_UNREACHABLE_CODE = YES;
				CLANG_WARN__DUPLICATE_METHOD_MATCH = YES;
				COPY_PHASE_STRIP = NO;
				DEBUG_INFORMATION_FORMAT = dwarf;
				ENABLE_STRICT_OBJC_MSGSEND = YES;
				ENABLE_TESTABILITY = YES;
				GCC_C_LANGUAGE_STANDARD = gnu11;
				GCC_DYNAMIC_NO_PIC = NO;
				GCC_NO_COMMON_BLOCKS = YES;
				GCC_OPTIMIZATION_LEVEL = 0;
				GCC_PREPROCESSOR_DEFINITIONS = (
					"DEBUG=1",
					"$(inherited)",
				);
				GCC_WARN_64_TO_32_BIT_CONVERSION = YES;
				GCC_WARN_ABOUT_RETURN_TYPE = YES_ERROR;
				GCC_WARN_UNDECLARED_SELECTOR = YES;
				GCC_WARN_UNINITIALIZED_AUTOS = YES_AGGRESSIVE;
				GCC_WARN_UNUSED_FUNCTION = YES;
				GCC_WARN_UNUSED_VARIABLE = YES;
				IPHONEOS_DEPLOYMENT_TARGET = 16.4;
				MTL_ENABLE_DEBUG_INFO = INCLUDE_SOURCE;
				MTL_FAST_MATH = YES;
				ONLY_ACTIVE_ARCH = YES;
				SDKROOT = iphoneos;
				SWIFT_ACTIVE_COMPILATION_CONDITIONS = DEBUG;
				SWIFT_OPTIMIZATION_LEVEL = "-Onone";
			};
			name = Debug;
		};
		A55BA9DE2A5F378C0023B93A /* Release */ = {
			isa = XCBuildConfiguration;
			buildSettings = {
				ALWAYS_SEARCH_USER_PATHS = NO;
				CLANG_ANALYZER_NONNULL = YES;
				CLANG_ANALYZER_NUMBER_OBJECT_CONVERSION = YES_AGGRESSIVE;
				CLANG_CXX_LANGUAGE_STANDARD = "gnu++20";
				CLANG_ENABLE_MODULES = YES;
				CLANG_ENABLE_OBJC_ARC = YES;
				CLANG_ENABLE_OBJC_WEAK = YES;
				CLANG_WARN_BLOCK_CAPTURE_AUTORELEASING = YES;
				CLANG_WARN_BOOL_CONVERSION = YES;
				CLANG_WARN_COMMA = YES;
				CLANG_WARN_CONSTANT_CONVERSION = YES;
				CLANG_WARN_DEPRECATED_OBJC_IMPLEMENTATIONS = YES;
				CLANG_WARN_DIRECT_OBJC_ISA_USAGE = YES_ERROR;
				CLANG_WARN_DOCUMENTATION_COMMENTS = YES;
				CLANG_WARN_EMPTY_BODY = YES;
				CLANG_WARN_ENUM_CONVERSION = YES;
				CLANG_WARN_INFINITE_RECURSION = YES;
				CLANG_WARN_INT_CONVERSION = YES;
				CLANG_WARN_NON_LITERAL_NULL_CONVERSION = YES;
				CLANG_WARN_OBJC_IMPLICIT_RETAIN_SELF = YES;
				CLANG_WARN_OBJC_LITERAL_CONVERSION = YES;
				CLANG_WARN_OBJC_ROOT_CLASS = YES_ERROR;
				CLANG_WARN_QUOTED_INCLUDE_IN_FRAMEWORK_HEADER = YES;
				CLANG_WARN_RANGE_LOOP_ANALYSIS = YES;
				CLANG_WARN_STRICT_PROTOTYPES = YES;
				CLANG_WARN_SUSPICIOUS_MOVE = YES;
				CLANG_WARN_UNGUARDED_AVAILABILITY = YES_AGGRESSIVE;
				CLANG_WARN_UNREACHABLE_CODE = YES;
				CLANG_WARN__DUPLICATE_METHOD_MATCH = YES;
				COPY_PHASE_STRIP = NO;
				DEBUG_INFORMATION_FORMAT = "dwarf-with-dsym";
				ENABLE_NS_ASSERTIONS = NO;
				ENABLE_STRICT_OBJC_MSGSEND = YES;
				GCC_C_LANGUAGE_STANDARD = gnu11;
				GCC_NO_COMMON_BLOCKS = YES;
				GCC_WARN_64_TO_32_BIT_CONVERSION = YES;
				GCC_WARN_ABOUT_RETURN_TYPE = YES_ERROR;
				GCC_WARN_UNDECLARED_SELECTOR = YES;
				GCC_WARN_UNINITIALIZED_AUTOS = YES_AGGRESSIVE;
				GCC_WARN_UNUSED_FUNCTION = YES;
				GCC_WARN_UNUSED_VARIABLE = YES;
				IPHONEOS_DEPLOYMENT_TARGET = 16.4;
				MTL_ENABLE_DEBUG_INFO = NO;
				MTL_FAST_MATH = YES;
				SDKROOT = iphoneos;
				SWIFT_COMPILATION_MODE = wholemodule;
				SWIFT_OPTIMIZATION_LEVEL = "-O";
				VALIDATE_PRODUCT = YES;
			};
			name = Release;
		};
		A55BA9E02A5F378C0023B93A /* Debug */ = {
			isa = XCBuildConfiguration;
			buildSettings = {
				ASSETCATALOG_COMPILER_APPICON_NAME = AppIcon;
				ASSETCATALOG_COMPILER_GLOBAL_ACCENT_COLOR_NAME = AccentColor;
				CODE_SIGN_STYLE = Automatic;
				CURRENT_PROJECT_VERSION = 1;
				DEVELOPMENT_TEAM = 2VVNCY5AAT;
				GENERATE_INFOPLIST_FILE = YES;
				INFOPLIST_FILE = "tip-calculator/Info.plist";
				INFOPLIST_KEY_UIApplicationSupportsIndirectInputEvents = YES;
				INFOPLIST_KEY_UILaunchStoryboardName = LaunchScreen;
				INFOPLIST_KEY_UISupportedInterfaceOrientations_iPad = "UIInterfaceOrientationPortrait UIInterfaceOrientationPortraitUpsideDown UIInterfaceOrientationLandscapeLeft UIInterfaceOrientationLandscapeRight";
				INFOPLIST_KEY_UISupportedInterfaceOrientations_iPhone = "UIInterfaceOrientationPortrait UIInterfaceOrientationLandscapeLeft UIInterfaceOrientationLandscapeRight";
				LD_RUNPATH_SEARCH_PATHS = (
					"$(inherited)",
					"@executable_path/Frameworks",
				);
				MARKETING_VERSION = 1.0;
				PRODUCT_BUNDLE_IDENTIFIER = "com.apple.caleb.tip-calculator";
				PRODUCT_NAME = "$(TARGET_NAME)";
				SWIFT_EMIT_LOC_STRINGS = YES;
				SWIFT_VERSION = 5.0;
				TARGETED_DEVICE_FAMILY = "1,2";
			};
			name = Debug;
		};
		A55BA9E12A5F378C0023B93A /* Release */ = {
			isa = XCBuildConfiguration;
			buildSettings = {
				ASSETCATALOG_COMPILER_APPICON_NAME = AppIcon;
				ASSETCATALOG_COMPILER_GLOBAL_ACCENT_COLOR_NAME = AccentColor;
				CODE_SIGN_STYLE = Automatic;
				CURRENT_PROJECT_VERSION = 1;
				DEVELOPMENT_TEAM = 2VVNCY5AAT;
				GENERATE_INFOPLIST_FILE = YES;
				INFOPLIST_FILE = "tip-calculator/Info.plist";
				INFOPLIST_KEY_UIApplicationSupportsIndirectInputEvents = YES;
				INFOPLIST_KEY_UILaunchStoryboardName = LaunchScreen;
				INFOPLIST_KEY_UISupportedInterfaceOrientations_iPad = "UIInterfaceOrientationPortrait UIInterfaceOrientationPortraitUpsideDown UIInterfaceOrientationLandscapeLeft UIInterfaceOrientationLandscapeRight";
				INFOPLIST_KEY_UISupportedInterfaceOrientations_iPhone = "UIInterfaceOrientationPortrait UIInterfaceOrientationLandscapeLeft UIInterfaceOrientationLandscapeRight";
				LD_RUNPATH_SEARCH_PATHS = (
					"$(inherited)",
					"@executable_path/Frameworks",
				);
				MARKETING_VERSION = 1.0;
				PRODUCT_BUNDLE_IDENTIFIER = "com.apple.caleb.tip-calculator";
				PRODUCT_NAME = "$(TARGET_NAME)";
				SWIFT_EMIT_LOC_STRINGS = YES;
				SWIFT_VERSION = 5.0;
				TARGETED_DEVICE_FAMILY = "1,2";
			};
			name = Release;
		};
		A55BA9E32A5F378C0023B93A /* Debug */ = {
			isa = XCBuildConfiguration;
			buildSettings = {
				ALWAYS_EMBED_SWIFT_STANDARD_LIBRARIES = YES;
				BUNDLE_LOADER = "$(TEST_HOST)";
				CODE_SIGN_STYLE = Automatic;
				CURRENT_PROJECT_VERSION = 1;
				DEVELOPMENT_TEAM = 2VVNCY5AAT;
				GENERATE_INFOPLIST_FILE = YES;
				IPHONEOS_DEPLOYMENT_TARGET = 16.4;
				MARKETING_VERSION = 1.0;
				PRODUCT_BUNDLE_IDENTIFIER = "com.apple.caleb.tip-calculatorTests";
				PRODUCT_NAME = "$(TARGET_NAME)";
				SWIFT_EMIT_LOC_STRINGS = NO;
				SWIFT_VERSION = 5.0;
				TARGETED_DEVICE_FAMILY = "1,2";
				TEST_HOST = "$(BUILT_PRODUCTS_DIR)/tip-calculator.app/$(BUNDLE_EXECUTABLE_FOLDER_PATH)/tip-calculator";
			};
			name = Debug;
		};
		A55BA9E42A5F378C0023B93A /* Release */ = {
			isa = XCBuildConfiguration;
			buildSettings = {
				ALWAYS_EMBED_SWIFT_STANDARD_LIBRARIES = YES;
				BUNDLE_LOADER = "$(TEST_HOST)";
				CODE_SIGN_STYLE = Automatic;
				CURRENT_PROJECT_VERSION = 1;
				DEVELOPMENT_TEAM = 2VVNCY5AAT;
				GENERATE_INFOPLIST_FILE = YES;
				IPHONEOS_DEPLOYMENT_TARGET = 16.4;
				MARKETING_VERSION = 1.0;
				PRODUCT_BUNDLE_IDENTIFIER = "com.apple.caleb.tip-calculatorTests";
				PRODUCT_NAME = "$(TARGET_NAME)";
				SWIFT_EMIT_LOC_STRINGS = NO;
				SWIFT_VERSION = 5.0;
				TARGETED_DEVICE_FAMILY = "1,2";
				TEST_HOST = "$(BUILT_PRODUCTS_DIR)/tip-calculator.app/$(BUNDLE_EXECUTABLE_FOLDER_PATH)/tip-calculator";
			};
			name = Release;
		};
		A55BA9E62A5F378C0023B93A /* Debug */ = {
			isa = XCBuildConfiguration;
			buildSettings = {
				ALWAYS_EMBED_SWIFT_STANDARD_LIBRARIES = YES;
				CODE_SIGN_STYLE = Automatic;
				CURRENT_PROJECT_VERSION = 1;
				DEVELOPMENT_TEAM = 2VVNCY5AAT;
				GENERATE_INFOPLIST_FILE = YES;
				MARKETING_VERSION = 1.0;
				PRODUCT_BUNDLE_IDENTIFIER = "com.apple.caleb.tip-calculatorUITests";
				PRODUCT_NAME = "$(TARGET_NAME)";
				SWIFT_EMIT_LOC_STRINGS = NO;
				SWIFT_VERSION = 5.0;
				TARGETED_DEVICE_FAMILY = "1,2";
				TEST_TARGET_NAME = "tip-calculator";
			};
			name = Debug;
		};
		A55BA9E72A5F378C0023B93A /* Release */ = {
			isa = XCBuildConfiguration;
			buildSettings = {
				ALWAYS_EMBED_SWIFT_STANDARD_LIBRARIES = YES;
				CODE_SIGN_STYLE = Automatic;
				CURRENT_PROJECT_VERSION = 1;
				DEVELOPMENT_TEAM = 2VVNCY5AAT;
				GENERATE_INFOPLIST_FILE = YES;
				MARKETING_VERSION = 1.0;
				PRODUCT_BUNDLE_IDENTIFIER = "com.apple.caleb.tip-calculatorUITests";
				PRODUCT_NAME = "$(TARGET_NAME)";
				SWIFT_EMIT_LOC_STRINGS = NO;
				SWIFT_VERSION = 5.0;
				TARGETED_DEVICE_FAMILY = "1,2";
				TEST_TARGET_NAME = "tip-calculator";
			};
			name = Release;
		};
/* End XCBuildConfiguration section */

/* Begin XCConfigurationList section */
		A55BA9B02A5F378B0023B93A /* Build configuration list for PBXProject "tip-calculator" */ = {
			isa = XCConfigurationList;
			buildConfigurations = (
				A55BA9DD2A5F378C0023B93A /* Debug */,
				A55BA9DE2A5F378C0023B93A /* Release */,
			);
			defaultConfigurationIsVisible = 0;
			defaultConfigurationName = Release;
		};
		A55BA9DF2A5F378C0023B93A /* Build configuration list for PBXNativeTarget "tip-calculator" */ = {
			isa = XCConfigurationList;
			buildConfigurations = (
				A55BA9E02A5F378C0023B93A /* Debug */,
				A55BA9E12A5F378C0023B93A /* Release */,
			);
			defaultConfigurationIsVisible = 0;
			defaultConfigurationName = Release;
		};
		A55BA9E22A5F378C0023B93A /* Build configuration list for PBXNativeTarget "tip-calculatorTests" */ = {
			isa = XCConfigurationList;
			buildConfigurations = (
				A55BA9E32A5F378C0023B93A /* Debug */,
				A55BA9E42A5F378C0023B93A /* Release */,
			);
			defaultConfigurationIsVisible = 0;
			defaultConfigurationName = Release;
		};
		A55BA9E52A5F378C0023B93A /* Build configuration list for PBXNativeTarget "tip-calculatorUITests" */ = {
			isa = XCConfigurationList;
			buildConfigurations = (
				A55BA9E62A5F378C0023B93A /* Debug */,
				A55BA9E72A5F378C0023B93A /* Release */,
			);
			defaultConfigurationIsVisible = 0;
			defaultConfigurationName = Release;
		};
/* End XCConfigurationList section */

/* Begin XCRemoteSwiftPackageReference section */
		A55BA9E82A5F385F0023B93A /* XCRemoteSwiftPackageReference "CombineCocoa" */ = {
			isa = XCRemoteSwiftPackageReference;
			repositoryURL = "https://github.com/CombineCommunity/CombineCocoa";
			requirement = {
				kind = upToNextMinorVersion;
				minimumVersion = 0.4.1;
			};
		};
		A55BA9EB2A5F389F0023B93A /* XCRemoteSwiftPackageReference "SnapKit" */ = {
			isa = XCRemoteSwiftPackageReference;
			repositoryURL = "https://github.com/SnapKit/SnapKit";
			requirement = {
				kind = upToNextMinorVersion;
				minimumVersion = 5.6.0;
			};
		};
		A55BA9F12A5F44170023B93A /* XCRemoteSwiftPackageReference "swift-snapshot-testing" */ = {
			isa = XCRemoteSwiftPackageReference;
			repositoryURL = "https://github.com/pointfreeco/swift-snapshot-testing";
			requirement = {
				kind = upToNextMinorVersion;
				minimumVersion = 1.11.0;
			};
		};
/* End XCRemoteSwiftPackageReference section */

/* Begin XCSwiftPackageProductDependency section */
		A55BA9E92A5F385F0023B93A /* CombineCocoa */ = {
			isa = XCSwiftPackageProductDependency;
			package = A55BA9E82A5F385F0023B93A /* XCRemoteSwiftPackageReference "CombineCocoa" */;
			productName = CombineCocoa;
		};
		A55BA9EC2A5F389F0023B93A /* SnapKit */ = {
			isa = XCSwiftPackageProductDependency;
			package = A55BA9EB2A5F389F0023B93A /* XCRemoteSwiftPackageReference "SnapKit" */;
			productName = SnapKit;
		};
		A55BA9EF2A5F43CD0023B93A /* CombineCocoa */ = {
			isa = XCSwiftPackageProductDependency;
			package = A55BA9E82A5F385F0023B93A /* XCRemoteSwiftPackageReference "CombineCocoa" */;
			productName = CombineCocoa;
		};
		A55BA9F22A5F44170023B93A /* SnapshotTesting */ = {
			isa = XCSwiftPackageProductDependency;
			package = A55BA9F12A5F44170023B93A /* XCRemoteSwiftPackageReference "swift-snapshot-testing" */;
			productName = SnapshotTesting;
		};
		A55BA9F42A5F44330023B93A /* CombineCocoa */ = {
			isa = XCSwiftPackageProductDependency;
			package = A55BA9E82A5F385F0023B93A /* XCRemoteSwiftPackageReference "CombineCocoa" */;
			productName = CombineCocoa;
		};
/* End XCSwiftPackageProductDependency section */
	};
	rootObject = A55BA9AD2A5F378B0023B93A /* Project object */;
}
